
Microsoft Visual Studio Solution File, Format Version 12.00
# Visual Studio Version 17
VisualStudioVersion = 17.14.36221.1 d17.14
MinimumVisualStudioVersion = 10.0.40219.1
Project("{FAE04EC0-301F-11D3-BF4B-00C04F79EFBC}") = "TPFinalNivel_Casas", "TPFinalNivel_Casas\TPFinalNivel_Casas.csproj", "{DA7EF6A5-C827-47C6-8C20-4A219B1BE054}"
EndProject
Global
	GlobalSection(SolutionConfigurationPlatforms) = preSolution
		Debug|Any CPU = Debug|Any CPU
		Release|Any CPU = Release|Any CPU
	EndGlobalSection
	GlobalSection(ProjectConfigurationPlatforms) = postSolution
		{DA7EF6A5-C827-47C6-8C20-4A219B1BE054}.Debug|Any CPU.ActiveCfg = Debug|Any CPU
		{DA7EF6A5-C827-47C6-8C20-4A219B1BE054}.Debug|Any CPU.Build.0 = Debug|Any CPU
		{DA7EF6A5-C827-47C6-8C20-4A219B1BE054}.Release|Any CPU.ActiveCfg = Release|Any CPU
		{DA7EF6A5-C827-47C6-8C20-4A219B1BE054}.Release|Any CPU.Build.0 = Release|Any CPU
	EndGlobalSection
	GlobalSection(SolutionProperties) = preSolution
		HideSolutionNode = FALSE
	EndGlobalSection
	GlobalSection(ExtensibilityGlobals) = postSolution
		SolutionGuid = {91FF0CA8-63D3-44FA-BCF6-2E9DD42BC172}
	EndGlobalSection
EndGlobal
